
Microsoft Visual Studio Solution File, Format Version 12.00
# Visual Studio Version 16
VisualStudioVersion = 16.0.29324.140
MinimumVisualStudioVersion = 10.0.40219.1
Project("{2150E333-8FDC-42A3-9474-1A3956D46DE8}") = "Application", "Application", "{3F6B0C7F-FA35-4EC1-BCFD-307974AFDFF1}"
EndProject
Project("{2150E333-8FDC-42A3-9474-1A3956D46DE8}") = "Infra.Data", "Infra.Data", "{F39B37B7-5200-4E04-9FEA-A89938BE46BF}"
EndProject
Project("{2150E333-8FDC-42A3-9474-1A3956D46DE8}") = "Domain", "Domain", "{DF0A3506-F0F7-44D5-B0EC-90F9DE76BCCD}"
EndProject
Project("{2150E333-8FDC-42A3-9474-1A3956D46DE8}") = "InfraIOC", "InfraIOC", "{6BF0749C-9C87-45B6-A718-74E40F8F531F}"
EndProject
Project("{2150E333-8FDC-42A3-9474-1A3956D46DE8}") = "Presentation", "Presentation", "{4A468F2C-CB42-4E30-BD48-CFB0AF3B38EC}"
EndProject
Project("{9A19103F-16F7-4668-BE54-9A1E7A4F7556}") = "CleanArch.MVC", "CleanArch.UI.MVC\CleanArch.MVC\CleanArch.MVC.csproj", "{C54C0939-A3AC-4726-B183-4C08E0A55570}"
EndProject
Project("{9A19103F-16F7-4668-BE54-9A1E7A4F7556}") = "CleanArch.Domain", "CleanArch.Domain\CleanArch.Domain.csproj", "{AA8386BA-80D1-4C60-8281-A15DA7C837D3}"
EndProject
Project("{9A19103F-16F7-4668-BE54-9A1E7A4F7556}") = "CleanArch.Infra.Data", "CleanArch.Infra.Data\CleanArch.Infra.Data.csproj", "{9BF116C9-FFC3-4156-A976-BBC0762353FC}"
EndProject
Project("{9A19103F-16F7-4668-BE54-9A1E7A4F7556}") = "CleanArch.Application", "CleanArch.Application\CleanArch.Application.csproj", "{9CB78E56-F505-4CDC-AEC6-5C959C395582}"
EndProject
Project("{9A19103F-16F7-4668-BE54-9A1E7A4F7556}") = "CleanArch.Infra.IOC", "CleanArch.Infra.IOC\CleanArch.Infra.IOC.csproj", "{DBB65857-C521-4C22-B04F-C48E5338BE4C}"
EndProject
Project("{2150E333-8FDC-42A3-9474-1A3956D46DE8}") = "Infra.Bus", "Infra.Bus", "{6FCC134E-48D9-4302-A907-D1F28531CA85}"
EndProject
Project("{2150E333-8FDC-42A3-9474-1A3956D46DE8}") = "Api", "Api", "{9D0D5335-BF3E-4399-8658-0A2C3F9610FD}"
EndProject
Project("{9A19103F-16F7-4668-BE54-9A1E7A4F7556}") = "CleanArch.Infra.Bus", "CleanArch.Infra.Bus\CleanArch.Infra.Bus.csproj", "{49F753AA-3774-4A99-BEA3-4D7D00115BFA}"
EndProject
Project("{9A19103F-16F7-4668-BE54-9A1E7A4F7556}") = "CLeanArch.Domain.Core", "CLeanArch.Domain.Core\CLeanArch.Domain.Core.csproj", "{0434C7AF-D6AD-410C-A524-F24B4E07F542}"
EndProject
Project("{FAE04EC0-301F-11D3-BF4B-00C04F79EFBC}") = "CleanArch.Api", "CleanArch.Api\CleanArch.Api.csproj", "{2551F1C6-3C7C-47E3-855E-E75C33B3A0D6}"
EndProject
Global
	GlobalSection(SolutionConfigurationPlatforms) = preSolution
		Debug|Any CPU = Debug|Any CPU
		Release|Any CPU = Release|Any CPU
	EndGlobalSection
	GlobalSection(ProjectConfigurationPlatforms) = postSolution
		{C54C0939-A3AC-4726-B183-4C08E0A55570}.Debug|Any CPU.ActiveCfg = Debug|Any CPU
		{C54C0939-A3AC-4726-B183-4C08E0A55570}.Debug|Any CPU.Build.0 = Debug|Any CPU
		{C54C0939-A3AC-4726-B183-4C08E0A55570}.Release|Any CPU.ActiveCfg = Release|Any CPU
		{C54C0939-A3AC-4726-B183-4C08E0A55570}.Release|Any CPU.Build.0 = Release|Any CPU
		{AA8386BA-80D1-4C60-8281-A15DA7C837D3}.Debug|Any CPU.ActiveCfg = Debug|Any CPU
		{AA8386BA-80D1-4C60-8281-A15DA7C837D3}.Debug|Any CPU.Build.0 = Debug|Any CPU
		{AA8386BA-80D1-4C60-8281-A15DA7C837D3}.Release|Any CPU.ActiveCfg = Release|Any CPU
		{AA8386BA-80D1-4C60-8281-A15DA7C837D3}.Release|Any CPU.Build.0 = Release|Any CPU
		{9BF116C9-FFC3-4156-A976-BBC0762353FC}.Debug|Any CPU.ActiveCfg = Debug|Any CPU
		{9BF116C9-FFC3-4156-A976-BBC0762353FC}.Debug|Any CPU.Build.0 = Debug|Any CPU
		{9BF116C9-FFC3-4156-A976-BBC0762353FC}.Release|Any CPU.ActiveCfg = Release|Any CPU
		{9BF116C9-FFC3-4156-A976-BBC0762353FC}.Release|Any CPU.Build.0 = Release|Any CPU
		{9CB78E56-F505-4CDC-AEC6-5C959C395582}.Debug|Any CPU.ActiveCfg = Debug|Any CPU
		{9CB78E56-F505-4CDC-AEC6-5C959C395582}.Debug|Any CPU.Build.0 = Debug|Any CPU
		{9CB78E56-F505-4CDC-AEC6-5C959C395582}.Release|Any CPU.ActiveCfg = Release|Any CPU
		{9CB78E56-F505-4CDC-AEC6-5C959C395582}.Release|Any CPU.Build.0 = Release|Any CPU
		{DBB65857-C521-4C22-B04F-C48E5338BE4C}.Debug|Any CPU.ActiveCfg = Debug|Any CPU
		{DBB65857-C521-4C22-B04F-C48E5338BE4C}.Debug|Any CPU.Build.0 = Debug|Any CPU
		{DBB65857-C521-4C22-B04F-C48E5338BE4C}.Release|Any CPU.ActiveCfg = Release|Any CPU
		{DBB65857-C521-4C22-B04F-C48E5338BE4C}.Release|Any CPU.Build.0 = Release|Any CPU
		{49F753AA-3774-4A99-BEA3-4D7D00115BFA}.Debug|Any CPU.ActiveCfg = Debug|Any CPU
		{49F753AA-3774-4A99-BEA3-4D7D00115BFA}.Debug|Any CPU.Build.0 = Debug|Any CPU
		{49F753AA-3774-4A99-BEA3-4D7D00115BFA}.Release|Any CPU.ActiveCfg = Release|Any CPU
		{49F753AA-3774-4A99-BEA3-4D7D00115BFA}.Release|Any CPU.Build.0 = Release|Any CPU
		{0434C7AF-D6AD-410C-A524-F24B4E07F542}.Debug|Any CPU.ActiveCfg = Debug|Any CPU
		{0434C7AF-D6AD-410C-A524-F24B4E07F542}.Debug|Any CPU.Build.0 = Debug|Any CPU
		{0434C7AF-D6AD-410C-A524-F24B4E07F542}.Release|Any CPU.ActiveCfg = Release|Any CPU
		{0434C7AF-D6AD-410C-A524-F24B4E07F542}.Release|Any CPU.Build.0 = Release|Any CPU
		{2551F1C6-3C7C-47E3-855E-E75C33B3A0D6}.Debug|Any CPU.ActiveCfg = Debug|Any CPU
		{2551F1C6-3C7C-47E3-855E-E75C33B3A0D6}.Debug|Any CPU.Build.0 = Debug|Any CPU
		{2551F1C6-3C7C-47E3-855E-E75C33B3A0D6}.Release|Any CPU.ActiveCfg = Release|Any CPU
		{2551F1C6-3C7C-47E3-855E-E75C33B3A0D6}.Release|Any CPU.Build.0 = Release|Any CPU
	EndGlobalSection
	GlobalSection(SolutionProperties) = preSolution
		HideSolutionNode = FALSE
	EndGlobalSection
	GlobalSection(NestedProjects) = preSolution
		{C54C0939-A3AC-4726-B183-4C08E0A55570} = {4A468F2C-CB42-4E30-BD48-CFB0AF3B38EC}
		{AA8386BA-80D1-4C60-8281-A15DA7C837D3} = {DF0A3506-F0F7-44D5-B0EC-90F9DE76BCCD}
		{9BF116C9-FFC3-4156-A976-BBC0762353FC} = {F39B37B7-5200-4E04-9FEA-A89938BE46BF}
		{9CB78E56-F505-4CDC-AEC6-5C959C395582} = {3F6B0C7F-FA35-4EC1-BCFD-307974AFDFF1}
		{DBB65857-C521-4C22-B04F-C48E5338BE4C} = {6BF0749C-9C87-45B6-A718-74E40F8F531F}
		{49F753AA-3774-4A99-BEA3-4D7D00115BFA} = {6FCC134E-48D9-4302-A907-D1F28531CA85}
		{0434C7AF-D6AD-410C-A524-F24B4E07F542} = {DF0A3506-F0F7-44D5-B0EC-90F9DE76BCCD}
		{2551F1C6-3C7C-47E3-855E-E75C33B3A0D6} = {9D0D5335-BF3E-4399-8658-0A2C3F9610FD}
	EndGlobalSection
	GlobalSection(ExtensibilityGlobals) = postSolution
		SolutionGuid = {3EF2BD3F-5422-4207-92DE-97E681C6BAE0}
	EndGlobalSection
EndGlobal
